<?xml version="1.0" encoding="utf-8"?>
<Project ToolsVersion="4.0" xmlns="http://schemas.microsoft.com/developer/msbuild/2003">
  <ItemGroup>
    <Filter Include="ソース ファイル">
      <UniqueIdentifier>{4FC737F1-C7A5-4376-A066-2A32D752A2FF}</UniqueIdentifier>
      <Extensions>cpp;c;cc;cxx;c++;cppm;ixx;def;odl;idl;hpj;bat;asm;asmx</Extensions>
    </Filter>
    <Filter Include="ヘッダー ファイル">
      <UniqueIdentifier>{93995380-89BD-4b04-88EB-625FBE52EBFB}</UniqueIdentifier>
      <Extensions>h;hh;hpp;hxx;h++;hm;inl;inc;ipp;xsd</Extensions>
    </Filter>
    <Filter Include="リソース ファイル">
      <UniqueIdentifier>{67DA6AB6-F800-4c08-8B7A-83BB121AAD01}</UniqueIdentifier>
      <Extensions>rc;ico;cur;bmp;dlg;rc2;rct;bin;rgs;gif;jpg;jpeg;jpe;resx;tiff;tif;png;wav;mfcribbon-ms</Extensions>
    </Filter>
    <Filter Include="ソース ファイル\character">
      <UniqueIdentifier>{527e3b85-ea54-4f62-9c4d-a26873a044f8}</UniqueIdentifier>
    </Filter>
    <Filter Include="ソース ファイル\scene">
      <UniqueIdentifier>{92936ad7-6996-4164-afc0-f4f1807a9387}</UniqueIdentifier>
    </Filter>
    <Filter Include="ソース ファイル\object">
      <UniqueIdentifier>{283a51e6-f2c5-4df1-8c3e-296c41b4888d}</UniqueIdentifier>
    </Filter>
    <Filter Include="ソース ファイル\system">
      <UniqueIdentifier>{a61d2eff-634f-496d-b95c-a79ce5472f92}</UniqueIdentifier>
    </Filter>
    <Filter Include="ソース ファイル\effect">
      <UniqueIdentifier>{ee215e29-97a6-4496-822d-bfcf20661a60}</UniqueIdentifier>
    </Filter>
    <Filter Include="ソース ファイル\object\field">
      <UniqueIdentifier>{ba047eaa-aa8c-46e7-921b-e174bf832e88}</UniqueIdentifier>
    </Filter>
    <Filter Include="ソース ファイル\character\player">
      <UniqueIdentifier>{c30e1570-2bc6-45cd-b3ee-005a003cb8d1}</UniqueIdentifier>
    </Filter>
    <Filter Include="ソース ファイル\ui">
      <UniqueIdentifier>{ecb8f2d8-ef35-4d9a-8b80-1429875819c3}</UniqueIdentifier>
    </Filter>
  </ItemGroup>
  <ItemGroup>
    <ClCompile Include="code\game.cpp">
      <Filter>ソース ファイル\scene</Filter>
    </ClCompile>
    <ClCompile Include="code\title.cpp">
      <Filter>ソース ファイル\scene</Filter>
    </ClCompile>
    <ClCompile Include="code\tutorial.cpp">
      <Filter>ソース ファイル\scene</Filter>
    </ClCompile>
    <ClCompile Include="code\result.cpp">
      <Filter>ソース ファイル\scene</Filter>
    </ClCompile>
    <ClCompile Include="code\gauge.cpp">
      <Filter>ソース ファイル\character</Filter>
    </ClCompile>
    <ClCompile Include="code\motion.cpp">
      <Filter>ソース ファイル\character</Filter>
    </ClCompile>
    <ClCompile Include="code\object.cpp">
      <Filter>ソース ファイル\object</Filter>
    </ClCompile>
    <ClCompile Include="code\object2D.cpp">
      <Filter>ソース ファイル\object</Filter>
    </ClCompile>
    <ClCompile Include="code\object3D.cpp">
      <Filter>ソース ファイル\object</Filter>
    </ClCompile>
    <ClCompile Include="code\objectX.cpp">
      <Filter>ソース ファイル\object</Filter>
    </ClCompile>
    <ClCompile Include="code\camera.cpp">
      <Filter>ソース ファイル\system</Filter>
    </ClCompile>
    <ClCompile Include="code\debugproc.cpp">
      <Filter>ソース ファイル\system</Filter>
    </ClCompile>
    <ClCompile Include="code\fade.cpp">
      <Filter>ソース ファイル\system</Filter>
    </ClCompile>
    <ClCompile Include="code\input.cpp">
      <Filter>ソース ファイル\system</Filter>
    </ClCompile>
    <ClCompile Include="code\light.cpp">
      <Filter>ソース ファイル\system</Filter>
    </ClCompile>
    <ClCompile Include="code\main.cpp">
      <Filter>ソース ファイル\system</Filter>
    </ClCompile>
    <ClCompile Include="code\manager.cpp">
      <Filter>ソース ファイル\system</Filter>
    </ClCompile>
    <ClCompile Include="code\effect.cpp">
      <Filter>ソース ファイル\effect</Filter>
    </ClCompile>
    <ClCompile Include="code\particle.cpp">
      <Filter>ソース ファイル\effect</Filter>
    </ClCompile>
    <ClCompile Include="code\mapobject.cpp">
      <Filter>ソース ファイル\object</Filter>
    </ClCompile>
    <ClCompile Include="code\precompile.cpp">
      <Filter>ソース ファイル\system</Filter>
    </ClCompile>
    <ClCompile Include="code\renderer.cpp">
      <Filter>ソース ファイル\system</Filter>
    </ClCompile>
    <ClCompile Include="code\sound.cpp">
      <Filter>ソース ファイル\system</Filter>
    </ClCompile>
    <ClCompile Include="code\texture.cpp">
      <Filter>ソース ファイル\system</Filter>
    </ClCompile>
    <ClCompile Include="code\useful.cpp">
      <Filter>ソース ファイル\system</Filter>
    </ClCompile>
    <ClCompile Include="code\field.cpp">
      <Filter>ソース ファイル\object\field</Filter>
    </ClCompile>
    <ClCompile Include="code\idxmeshfield.cpp">
      <Filter>ソース ファイル\object\field</Filter>
    </ClCompile>
    <ClCompile Include="code\billboard.cpp">
      <Filter>ソース ファイル\system</Filter>
    </ClCompile>
    <ClCompile Include="code\wall.cpp">
      <Filter>ソース ファイル\object\field</Filter>
    </ClCompile>
    <ClCompile Include="code\bullet.cpp">
      <Filter>ソース ファイル\character</Filter>
    </ClCompile>
    <ClCompile Include="code\player.cpp">
      <Filter>ソース ファイル\character\player</Filter>
    </ClCompile>
    <ClCompile Include="code\resultplayer.cpp">
      <Filter>ソース ファイル\character\player</Filter>
    </ClCompile>
    <ClCompile Include="code\titleplayer.cpp">
      <Filter>ソース ファイル\character\player</Filter>
    </ClCompile>
    <ClCompile Include="code\model.cpp">
      <Filter>ソース ファイル\character</Filter>
    </ClCompile>
    <ClCompile Include="code\character.cpp">
      <Filter>ソース ファイル\character</Filter>
    </ClCompile>
    <ClCompile Include="code\enemy.cpp">
      <Filter>ソース ファイル\character</Filter>
    </ClCompile>
    <ClCompile Include="code\lockonMarker.cpp">
      <Filter>ソース ファイル\system</Filter>
    </ClCompile>
    <ClCompile Include="code\enemy_manager.cpp">
      <Filter>ソース ファイル\system</Filter>
    </ClCompile>
    <ClCompile Include="code\score.cpp">
      <Filter>ソース ファイル\system</Filter>
    </ClCompile>
    <ClCompile Include="code\number.cpp">
      <Filter>ソース ファイル\system</Filter>
    </ClCompile>
    <ClCompile Include="code\timer.cpp">
      <Filter>ソース ファイル\system</Filter>
    </ClCompile>
    <ClCompile Include="code\press_enter.cpp">
      <Filter>ソース ファイル\ui</Filter>
    </ClCompile>
  </ItemGroup>
  <ItemGroup>
    <ClInclude Include="code\game.h">
      <Filter>ソース ファイル\scene</Filter>
    </ClInclude>
    <ClInclude Include="code\title.h">
      <Filter>ソース ファイル\scene</Filter>
    </ClInclude>
    <ClInclude Include="code\tutorial.h">
      <Filter>ソース ファイル\scene</Filter>
    </ClInclude>
    <ClInclude Include="code\result.h">
      <Filter>ソース ファイル\scene</Filter>
    </ClInclude>
    <ClInclude Include="code\gauge.h">
      <Filter>ソース ファイル\character</Filter>
    </ClInclude>
    <ClInclude Include="code\motion.h">
      <Filter>ソース ファイル\character</Filter>
    </ClInclude>
    <ClInclude Include="code\object.h">
      <Filter>ソース ファイル\object</Filter>
    </ClInclude>
    <ClInclude Include="code\object2D.h">
      <Filter>ソース ファイル\object</Filter>
    </ClInclude>
    <ClInclude Include="code\object3D.h">
      <Filter>ソース ファイル\object</Filter>
    </ClInclude>
    <ClInclude Include="code\objectX.h">
      <Filter>ソース ファイル\object</Filter>
    </ClInclude>
    <ClInclude Include="code\camera.h">
      <Filter>ソース ファイル\system</Filter>
    </ClInclude>
    <ClInclude Include="code\debugproc.h">
      <Filter>ソース ファイル\system</Filter>
    </ClInclude>
    <ClInclude Include="code\fade.h">
      <Filter>ソース ファイル\system</Filter>
    </ClInclude>
    <ClInclude Include="code\input.h">
      <Filter>ソース ファイル\system</Filter>
    </ClInclude>
    <ClInclude Include="code\light.h">
      <Filter>ソース ファイル\system</Filter>
    </ClInclude>
    <ClInclude Include="code\main.h">
      <Filter>ソース ファイル\system</Filter>
    </ClInclude>
    <ClInclude Include="code\manager.h">
      <Filter>ソース ファイル\system</Filter>
    </ClInclude>
    <ClInclude Include="code\effect.h">
      <Filter>ソース ファイル\effect</Filter>
    </ClInclude>
    <ClInclude Include="code\particle.h">
      <Filter>ソース ファイル\effect</Filter>
    </ClInclude>
    <ClInclude Include="code\mapobject.h">
      <Filter>ソース ファイル\object</Filter>
    </ClInclude>
    <ClInclude Include="code\precompile.h">
      <Filter>ソース ファイル\system</Filter>
    </ClInclude>
    <ClInclude Include="code\renderer.h">
      <Filter>ソース ファイル\system</Filter>
    </ClInclude>
    <ClInclude Include="code\sound.h">
      <Filter>ソース ファイル\system</Filter>
    </ClInclude>
    <ClInclude Include="code\texture.h">
      <Filter>ソース ファイル\system</Filter>
    </ClInclude>
    <ClInclude Include="code\useful.h">
      <Filter>ソース ファイル\system</Filter>
    </ClInclude>
    <ClInclude Include="code\field.h">
      <Filter>ソース ファイル\object\field</Filter>
    </ClInclude>
    <ClInclude Include="code\idxmeshfield.h">
      <Filter>ソース ファイル\object\field</Filter>
    </ClInclude>
    <ClInclude Include="code\billboard.h">
      <Filter>ソース ファイル\system</Filter>
    </ClInclude>
    <ClInclude Include="code\wall.h">
      <Filter>ソース ファイル\object\field</Filter>
    </ClInclude>
    <ClInclude Include="code\bullet.h">
      <Filter>ソース ファイル\character</Filter>
    </ClInclude>
    <ClInclude Include="code\player.h">
      <Filter>ソース ファイル\character\player</Filter>
    </ClInclude>
    <ClInclude Include="code\resultplayer.h">
      <Filter>ソース ファイル\character\player</Filter>
    </ClInclude>
    <ClInclude Include="code\titleplayer.h">
      <Filter>ソース ファイル\character\player</Filter>
    </ClInclude>
    <ClInclude Include="code\model.h">
      <Filter>ソース ファイル\character</Filter>
    </ClInclude>
    <ClInclude Include="code\character.h">
      <Filter>ソース ファイル\character</Filter>
    </ClInclude>
    <ClInclude Include="code\enemy.h">
      <Filter>ソース ファイル\character</Filter>
    </ClInclude>
    <ClInclude Include="code\lockonMarker.h">
      <Filter>ソース ファイル\system</Filter>
    </ClInclude>
    <ClInclude Include="code\enemy_manager.h">
      <Filter>ソース ファイル\system</Filter>
    </ClInclude>
    <ClInclude Include="code\score.h">
      <Filter>ソース ファイル\system</Filter>
    </ClInclude>
    <ClInclude Include="code\number.h">
      <Filter>ソース ファイル\system</Filter>
    </ClInclude>
    <ClInclude Include="code\timer.h">
      <Filter>ソース ファイル\system</Filter>
    </ClInclude>
    <ClInclude Include="code\press_enter.h">
      <Filter>ソース ファイル\ui</Filter>
    </ClInclude>
  </ItemGroup>
</Project>